<?xml version="1.0" encoding="utf-8"?>
<Project ToolsVersion="4.0" xmlns="http://schemas.microsoft.com/developer/msbuild/2003">
  <ItemGroup>
    <Filter Include="config">
      <UniqueIdentifier>{c6afa8ad-6068-446e-8671-9dd03db456f1}</UniqueIdentifier>
    </Filter>
    <Filter Include="gateservice">
      <UniqueIdentifier>{6fd9c3e5-4fe3-48b1-aa23-b24bc444f6c6}</UniqueIdentifier>
    </Filter>
    <Filter Include="ssproto">
      <UniqueIdentifier>{fc04a2fe-f900-4c2d-8240-b1aee6b2d96c}</UniqueIdentifier>
    </Filter>
    <Filter Include="workservice">
      <UniqueIdentifier>{5d4d8693-f9dc-4398-a80b-f2254c8fb177}</UniqueIdentifier>
    </Filter>
  </ItemGroup>
  <ItemGroup>
    <ClCompile Include="..\..\example\server\main.cpp" />
    <ClCompile Include="..\..\example\server\config\ServerConfig.cpp">
      <Filter>config</Filter>
    </ClCompile>
    <ClCompile Include="..\..\example\server\gateservice\ClientSession.cpp">
      <Filter>gateservice</Filter>
    </ClCompile>
    <ClCompile Include="..\..\example\server\gateservice\GateService.cpp">
      <Filter>gateservice</Filter>
    </ClCompile>
    <ClCompile Include="..\..\example\server\workservice\User.cpp">
      <Filter>workservice</Filter>
    </ClCompile>
    <ClCompile Include="..\..\example\server\workservice\WorkService.cpp">
      <Filter>workservice</Filter>
    </ClCompile>
    <ClCompile Include="..\..\example\server\ssproto\SSMsg.cpp">
      <Filter>ssproto</Filter>
    </ClCompile>
  </ItemGroup>
  <ItemGroup>
    <ClInclude Include="..\..\example\server\config\ServerConfig.h">
      <Filter>config</Filter>
    </ClInclude>
    <ClInclude Include="..\..\example\server\gateservice\ClientSession.h">
      <Filter>gateservice</Filter>
    </ClInclude>
    <ClInclude Include="..\..\example\server\gateservice\GateService.h">
      <Filter>gateservice</Filter>
    </ClInclude>
    <ClInclude Include="..\..\example\server\workservice\User.h">
      <Filter>workservice</Filter>
    </ClInclude>
    <ClInclude Include="..\..\example\server\workservice\WorkService.h">
      <Filter>workservice</Filter>
    </ClInclude>
    <ClInclude Include="..\..\example\server\ssproto\SSMsg.h">
      <Filter>ssproto</Filter>
    </ClInclude>
  </ItemGroup>
</Project>